
Microsoft Visual Studio Solution File, Format Version 12.00
# Visual Studio Version 16
VisualStudioVersion = 16.0.30114.105
MinimumVisualStudioVersion = 10.0.40219.1
Project("{FAE04EC0-301F-11D3-BF4B-00C04F79EFBC}") = "database", "database.csproj", "{55DE3AB7-C3C8-405E-B404-A5E9DE7B0E63}"
EndProject
Global
	GlobalSection(SolutionConfigurationPlatforms) = preSolution
		Debug|Any CPU = Debug|Any CPU
		Release|Any CPU = Release|Any CPU
	EndGlobalSection
	GlobalSection(ProjectConfigurationPlatforms) = postSolution
		{55DE3AB7-C3C8-405E-B404-A5E9DE7B0E63}.Debug|Any CPU.ActiveCfg = Debug|Any CPU
		{55DE3AB7-C3C8-405E-B404-A5E9DE7B0E63}.Debug|Any CPU.Build.0 = Debug|Any CPU
		{55DE3AB7-C3C8-405E-B404-A5E9DE7B0E63}.Release|Any CPU.ActiveCfg = Release|Any CPU
		{55DE3AB7-C3C8-405E-B404-A5E9DE7B0E63}.Release|Any CPU.Build.0 = Release|Any CPU
	EndGlobalSection
	GlobalSection(SolutionProperties) = preSolution
		HideSolutionNode = FALSE
	EndGlobalSection
	GlobalSection(ExtensibilityGlobals) = postSolution
		SolutionGuid = {0C96CD7E-05F3-42DC-B562-3626D79568E2}
	EndGlobalSection
EndGlobal
